
Microsoft Visual Studio Solution File, Format Version 12.00
# Visual Studio Version 17
VisualStudioVersion = 17.9.34728.123
MinimumVisualStudioVersion = 10.0.40219.1
Project("{FAE04EC0-301F-11D3-BF4B-00C04F79EFBC}") = "Fieldor_WebAPI", "Fieldor_WebAPI.csproj", "{A19B6D68-F0D9-4716-A3C1-B5A9EF351AE7}"
EndProject
Global
	GlobalSection(SolutionConfigurationPlatforms) = preSolution
		Debug|Any CPU = Debug|Any CPU
		Release|Any CPU = Release|Any CPU
	EndGlobalSection
	GlobalSection(ProjectConfigurationPlatforms) = postSolution
		{A19B6D68-F0D9-4716-A3C1-B5A9EF351AE7}.Debug|Any CPU.ActiveCfg = Debug|Any CPU
		{A19B6D68-F0D9-4716-A3C1-B5A9EF351AE7}.Debug|Any CPU.Build.0 = Debug|Any CPU
		{A19B6D68-F0D9-4716-A3C1-B5A9EF351AE7}.Release|Any CPU.ActiveCfg = Release|Any CPU
		{A19B6D68-F0D9-4716-A3C1-B5A9EF351AE7}.Release|Any CPU.Build.0 = Release|Any CPU
	EndGlobalSection
	GlobalSection(SolutionProperties) = preSolution
		HideSolutionNode = FALSE
	EndGlobalSection
	GlobalSection(ExtensibilityGlobals) = postSolution
		SolutionGuid = {73AB4FCE-B13A-459C-80CE-B2F77B54D672}
	EndGlobalSection
EndGlobal
